
Microsoft Visual Studio Solution File, Format Version 12.00
# Visual Studio Version 17
VisualStudioVersion = 17.0.31903.59
MinimumVisualStudioVersion = 10.0.40219.1
Project("{FAE04EC0-301F-11D3-BF4B-00C04F79EFBC}") = "AnimalKingdom", "AnimalKingdom\AnimalKingdom.csproj", "{FE3DED10-D7CA-4E0B-86EE-889C4FAB292B}"
EndProject
Project("{FAE04EC0-301F-11D3-BF4B-00C04F79EFBC}") = "PlayerManager1", "PlayerManager1\PlayerManager1.csproj", "{5B026327-611F-4A66-B06F-5DE9C4616073}"
EndProject
Project("{FAE04EC0-301F-11D3-BF4B-00C04F79EFBC}") = "PlayerManager2", "PlayerManager2\PlayerManager2.csproj", "{7CFAA11D-7D22-479D-A41A-AC0A67488630}"
EndProject
Global
	GlobalSection(SolutionConfigurationPlatforms) = preSolution
		Debug|Any CPU = Debug|Any CPU
		Release|Any CPU = Release|Any CPU
	EndGlobalSection
	GlobalSection(SolutionProperties) = preSolution
		HideSolutionNode = FALSE
	EndGlobalSection
	GlobalSection(ProjectConfigurationPlatforms) = postSolution
		{FE3DED10-D7CA-4E0B-86EE-889C4FAB292B}.Debug|Any CPU.ActiveCfg = Debug|Any CPU
		{FE3DED10-D7CA-4E0B-86EE-889C4FAB292B}.Debug|Any CPU.Build.0 = Debug|Any CPU
		{FE3DED10-D7CA-4E0B-86EE-889C4FAB292B}.Release|Any CPU.ActiveCfg = Release|Any CPU
		{FE3DED10-D7CA-4E0B-86EE-889C4FAB292B}.Release|Any CPU.Build.0 = Release|Any CPU
		{5B026327-611F-4A66-B06F-5DE9C4616073}.Debug|Any CPU.ActiveCfg = Debug|Any CPU
		{5B026327-611F-4A66-B06F-5DE9C4616073}.Debug|Any CPU.Build.0 = Debug|Any CPU
		{5B026327-611F-4A66-B06F-5DE9C4616073}.Release|Any CPU.ActiveCfg = Release|Any CPU
		{5B026327-611F-4A66-B06F-5DE9C4616073}.Release|Any CPU.Build.0 = Release|Any CPU
		{7CFAA11D-7D22-479D-A41A-AC0A67488630}.Debug|Any CPU.ActiveCfg = Debug|Any CPU
		{7CFAA11D-7D22-479D-A41A-AC0A67488630}.Debug|Any CPU.Build.0 = Debug|Any CPU
		{7CFAA11D-7D22-479D-A41A-AC0A67488630}.Release|Any CPU.ActiveCfg = Release|Any CPU
		{7CFAA11D-7D22-479D-A41A-AC0A67488630}.Release|Any CPU.Build.0 = Release|Any CPU
	EndGlobalSection
EndGlobal
